
Microsoft Visual Studio Solution File, Format Version 12.00
# Visual Studio 15
VisualStudioVersion = 15.0.28307.645
MinimumVisualStudioVersion = 10.0.40219.1
Project("{FAE04EC0-301F-11D3-BF4B-00C04F79EFBC}") = "Arch_Practic", "Arch_Practic\Arch_Practic.csproj", "{F348FFF2-C9DA-4605-B82A-E8AD2E3BA013}"
EndProject
Global
	GlobalSection(SolutionConfigurationPlatforms) = preSolution
		Debug|Any CPU = Debug|Any CPU
		Release|Any CPU = Release|Any CPU
	EndGlobalSection
	GlobalSection(ProjectConfigurationPlatforms) = postSolution
		{F348FFF2-C9DA-4605-B82A-E8AD2E3BA013}.Debug|Any CPU.ActiveCfg = Debug|Any CPU
		{F348FFF2-C9DA-4605-B82A-E8AD2E3BA013}.Debug|Any CPU.Build.0 = Debug|Any CPU
		{F348FFF2-C9DA-4605-B82A-E8AD2E3BA013}.Release|Any CPU.ActiveCfg = Release|Any CPU
		{F348FFF2-C9DA-4605-B82A-E8AD2E3BA013}.Release|Any CPU.Build.0 = Release|Any CPU
	EndGlobalSection
	GlobalSection(SolutionProperties) = preSolution
		HideSolutionNode = FALSE
	EndGlobalSection
	GlobalSection(ExtensibilityGlobals) = postSolution
		SolutionGuid = {8D0F21B9-F97F-4FB6-9F43-80EFF58E57C3}
	EndGlobalSection
EndGlobal
